
Microsoft Visual Studio Solution File, Format Version 12.00
# Visual Studio 2017
Project("{FAE04EC0-301F-11D3-BF4B-00C04F79EFBC}") = "WordBridges", "WordBridges.csproj", "{E2530EC3-BEB9-B554-A93D-334AACD845D5}"
EndProject
Project("{FAE04EC0-301F-11D3-BF4B-00C04F79EFBC}") = "WordBridges.Editor", "WordBridges.Editor.csproj", "{61B47F09-EDA8-359D-0DEB-DEDFB32D5FE6}"
EndProject
Global
	GlobalSection(SolutionConfigurationPlatforms) = preSolution
		Debug|Any CPU = Debug|Any CPU
		Release|Any CPU = Release|Any CPU
	EndGlobalSection
	GlobalSection(ProjectConfigurationPlatforms) = postSolution
		{E2530EC3-BEB9-B554-A93D-334AACD845D5}.Debug|Any CPU.ActiveCfg = Debug|Any CPU
		{E2530EC3-BEB9-B554-A93D-334AACD845D5}.Debug|Any CPU.Build.0 = Debug|Any CPU
		{E2530EC3-BEB9-B554-A93D-334AACD845D5}.Release|Any CPU.ActiveCfg = Release|Any CPU
		{E2530EC3-BEB9-B554-A93D-334AACD845D5}.Release|Any CPU.Build.0 = Release|Any CPU
		{61B47F09-EDA8-359D-0DEB-DEDFB32D5FE6}.Debug|Any CPU.ActiveCfg = Debug|Any CPU
		{61B47F09-EDA8-359D-0DEB-DEDFB32D5FE6}.Debug|Any CPU.Build.0 = Debug|Any CPU
		{61B47F09-EDA8-359D-0DEB-DEDFB32D5FE6}.Release|Any CPU.ActiveCfg = Release|Any CPU
		{61B47F09-EDA8-359D-0DEB-DEDFB32D5FE6}.Release|Any CPU.Build.0 = Release|Any CPU
	EndGlobalSection
	GlobalSection(SolutionProperties) = preSolution
		HideSolutionNode = FALSE
	EndGlobalSection
EndGlobal
