
Microsoft Visual Studio Solution File, Format Version 11.00
# Visual Studio 2010
Project("{FAE04EC0-301F-11D3-BF4B-00C04F79EFBC}") = "Assembly-CSharp", "Assembly-CSharp.csproj", "{B9C93B7C-DF4D-087D-BBF1-5EED652034CE}"
EndProject
Project("{FAE04EC0-301F-11D3-BF4B-00C04F79EFBC}") = "Assembly-CSharp-firstpass", "Assembly-CSharp-firstpass.csproj", "{5161C313-ACDA-8B57-088F-82B05E6EFD95}"
EndProject
Project("{FAE04EC0-301F-11D3-BF4B-00C04F79EFBC}") = "Assembly-CSharp-Editor-firstpass", "Assembly-CSharp-Editor-firstpass.csproj", "{20092D25-4C60-2975-A58A-B1B1829405BF}"
EndProject
Project("{FAE04EC0-301F-11D3-BF4B-00C04F79EFBC}") = "Assembly-CSharp-Editor", "Assembly-CSharp-Editor.csproj", "{2CBB5203-0282-AB8F-75B0-8D551F39987D}"
EndProject
Global
	GlobalSection(SolutionConfigurationPlatforms) = preSolution
		Debug|Any CPU = Debug|Any CPU
		Release|Any CPU = Release|Any CPU
	EndGlobalSection
	GlobalSection(ProjectConfigurationPlatforms) = postSolution
		{B9C93B7C-DF4D-087D-BBF1-5EED652034CE}.Debug|Any CPU.ActiveCfg = Debug|Any CPU
		{B9C93B7C-DF4D-087D-BBF1-5EED652034CE}.Debug|Any CPU.Build.0 = Debug|Any CPU
		{B9C93B7C-DF4D-087D-BBF1-5EED652034CE}.Release|Any CPU.ActiveCfg = Release|Any CPU
		{B9C93B7C-DF4D-087D-BBF1-5EED652034CE}.Release|Any CPU.Build.0 = Release|Any CPU
		{5161C313-ACDA-8B57-088F-82B05E6EFD95}.Debug|Any CPU.ActiveCfg = Debug|Any CPU
		{5161C313-ACDA-8B57-088F-82B05E6EFD95}.Debug|Any CPU.Build.0 = Debug|Any CPU
		{5161C313-ACDA-8B57-088F-82B05E6EFD95}.Release|Any CPU.ActiveCfg = Release|Any CPU
		{5161C313-ACDA-8B57-088F-82B05E6EFD95}.Release|Any CPU.Build.0 = Release|Any CPU
		{20092D25-4C60-2975-A58A-B1B1829405BF}.Debug|Any CPU.ActiveCfg = Debug|Any CPU
		{20092D25-4C60-2975-A58A-B1B1829405BF}.Debug|Any CPU.Build.0 = Debug|Any CPU
		{20092D25-4C60-2975-A58A-B1B1829405BF}.Release|Any CPU.ActiveCfg = Release|Any CPU
		{20092D25-4C60-2975-A58A-B1B1829405BF}.Release|Any CPU.Build.0 = Release|Any CPU
		{2CBB5203-0282-AB8F-75B0-8D551F39987D}.Debug|Any CPU.ActiveCfg = Debug|Any CPU
		{2CBB5203-0282-AB8F-75B0-8D551F39987D}.Debug|Any CPU.Build.0 = Debug|Any CPU
		{2CBB5203-0282-AB8F-75B0-8D551F39987D}.Release|Any CPU.ActiveCfg = Release|Any CPU
		{2CBB5203-0282-AB8F-75B0-8D551F39987D}.Release|Any CPU.Build.0 = Release|Any CPU
	EndGlobalSection
	GlobalSection(SolutionProperties) = preSolution
		HideSolutionNode = FALSE
	EndGlobalSection
EndGlobal
